# THIS IS AN AUTOGENERATED FILE. DO NOT EDIT THIS FILE DIRECTLY.
# yarn lockfile v1


flexsearch@^0.7.43:
  version "0.7.43"
  resolved "https://registry.yarnpkg.com/flexsearch/-/flexsearch-0.7.43.tgz#34f89b36278a466ce379c5bf6fb341965ed3f16c"
  integrity sha512-c5o/+Um8aqCSOXGcZoqZOm+NqtVwNsvVpWv6lfmSclU954O3wvQKxxK8zj74fPaSJbXpSLTs4PRhh+wnoCXnKg==
